
Microsoft Visual Studio Solution File, Format Version 12.00
# Visual Studio Version 17
VisualStudioVersion = 17.10.34928.147
MinimumVisualStudioVersion = 10.0.40219.1
Project("{FAE04EC0-301F-11D3-BF4B-00C04F79EFBC}") = "VisitedCountriesWebApp.Server", "VisitedCountriesWebApp.Server\VisitedCountriesWebApp.Server.csproj", "{AC79545F-1705-4494-9BEE-9F8F35AFA610}"
EndProject
Project("{54A90642-561A-4BB1-A94E-469ADEE60C69}") = "visitedcountrieswebapp.client", "visitedcountrieswebapp.client\visitedcountrieswebapp.client.esproj", "{6A0613F8-43D2-4613-BD93-966188348937}"
EndProject
Global
	GlobalSection(SolutionConfigurationPlatforms) = preSolution
		Debug|Any CPU = Debug|Any CPU
		Release|Any CPU = Release|Any CPU
	EndGlobalSection
	GlobalSection(ProjectConfigurationPlatforms) = postSolution
		{AC79545F-1705-4494-9BEE-9F8F35AFA610}.Debug|Any CPU.ActiveCfg = Debug|Any CPU
		{AC79545F-1705-4494-9BEE-9F8F35AFA610}.Debug|Any CPU.Build.0 = Debug|Any CPU
		{AC79545F-1705-4494-9BEE-9F8F35AFA610}.Release|Any CPU.ActiveCfg = Release|Any CPU
		{AC79545F-1705-4494-9BEE-9F8F35AFA610}.Release|Any CPU.Build.0 = Release|Any CPU
		{6A0613F8-43D2-4613-BD93-966188348937}.Debug|Any CPU.ActiveCfg = Debug|Any CPU
		{6A0613F8-43D2-4613-BD93-966188348937}.Debug|Any CPU.Build.0 = Debug|Any CPU
		{6A0613F8-43D2-4613-BD93-966188348937}.Debug|Any CPU.Deploy.0 = Debug|Any CPU
		{6A0613F8-43D2-4613-BD93-966188348937}.Release|Any CPU.ActiveCfg = Release|Any CPU
		{6A0613F8-43D2-4613-BD93-966188348937}.Release|Any CPU.Build.0 = Release|Any CPU
		{6A0613F8-43D2-4613-BD93-966188348937}.Release|Any CPU.Deploy.0 = Release|Any CPU
	EndGlobalSection
	GlobalSection(SolutionProperties) = preSolution
		HideSolutionNode = FALSE
	EndGlobalSection
	GlobalSection(ExtensibilityGlobals) = postSolution
		SolutionGuid = {B33F284D-A054-45EB-85C0-1CB7E7FC0D74}
	EndGlobalSection
EndGlobal
